
Microsoft Visual Studio Solution File, Format Version 12.00
# Visual Studio Version 17
VisualStudioVersion = 17.6.33829.357
MinimumVisualStudioVersion = 10.0.40219.1
Project("{9A19103F-16F7-4668-BE54-9A1E7A4F7556}") = "O365C.GraphConnector.MicrosoftLearn", "O365C.GraphConnector.MicrosoftLearn.csproj", "{417C774A-1F17-400D-85A3-72A356D306EC}"
EndProject
Global
	GlobalSection(SolutionConfigurationPlatforms) = preSolution
		Debug|Any CPU = Debug|Any CPU
		Release|Any CPU = Release|Any CPU
	EndGlobalSection
	GlobalSection(ProjectConfigurationPlatforms) = postSolution
		{417C774A-1F17-400D-85A3-72A356D306EC}.Debug|Any CPU.ActiveCfg = Debug|Any CPU
		{417C774A-1F17-400D-85A3-72A356D306EC}.Debug|Any CPU.Build.0 = Debug|Any CPU
		{417C774A-1F17-400D-85A3-72A356D306EC}.Release|Any CPU.ActiveCfg = Release|Any CPU
		{417C774A-1F17-400D-85A3-72A356D306EC}.Release|Any CPU.Build.0 = Release|Any CPU
	EndGlobalSection
	GlobalSection(SolutionProperties) = preSolution
		HideSolutionNode = FALSE
	EndGlobalSection
	GlobalSection(ExtensibilityGlobals) = postSolution
		SolutionGuid = {BA8C85D5-2590-48B3-B78A-6D9840C866CC}
	EndGlobalSection
EndGlobal
